
Microsoft Visual Studio Solution File, Format Version 12.00
# Visual Studio Version 17
VisualStudioVersion = 17.14.36408.4 d17.14
MinimumVisualStudioVersion = 10.0.40219.1
Project("{FAE04EC0-301F-11D3-BF4B-00C04F79EFBC}") = "Advanced-KSA-GUI", "Advanced-KSA-GUI\Advanced-KSA-GUI.csproj", "{522A9CFA-B5E9-4DA0-B1CA-A4A46B67ED75}"
EndProject
Global
	GlobalSection(SolutionConfigurationPlatforms) = preSolution
		Debug|Any CPU = Debug|Any CPU
		Release|Any CPU = Release|Any CPU
	EndGlobalSection
	GlobalSection(ProjectConfigurationPlatforms) = postSolution
		{522A9CFA-B5E9-4DA0-B1CA-A4A46B67ED75}.Debug|Any CPU.ActiveCfg = Debug|Any CPU
		{522A9CFA-B5E9-4DA0-B1CA-A4A46B67ED75}.Debug|Any CPU.Build.0 = Debug|Any CPU
		{522A9CFA-B5E9-4DA0-B1CA-A4A46B67ED75}.Release|Any CPU.ActiveCfg = Release|Any CPU
		{522A9CFA-B5E9-4DA0-B1CA-A4A46B67ED75}.Release|Any CPU.Build.0 = Release|Any CPU
	EndGlobalSection
	GlobalSection(SolutionProperties) = preSolution
		HideSolutionNode = FALSE
	EndGlobalSection
	GlobalSection(ExtensibilityGlobals) = postSolution
		SolutionGuid = {D8D9DD30-4081-4577-857C-C3B376F64C04}
	EndGlobalSection
EndGlobal
